# generated by rye
# use `rye lock` or `rye sync` to update this lockfile
#
# last locked with the following flags:
#   pre: false
#   features: []
#   all-features: false
#   with-sources: false

-e file:.
greenlet==3.0.3
    # via playwright
grpcio==1.66.0
    # via grpcio-tools
    # via locatr
grpcio-tools==1.66.0
playwright==1.46.0
    # via locatr
protobuf==5.27.3
    # via grpcio-tools
pyee==11.1.0
    # via playwright
setuptools==73.0.1
    # via grpcio-tools
typing-extensions==4.12.2
    # via pyee
