# generated by rye
# use `rye lock` or `rye sync` to update this lockfile
#
# last locked with the following flags:
#   pre: false
#   features: []
#   all-features: false
#   with-sources: false

-e file:.
greenlet==3.0.3
    # via playwright
grpcio==1.66.0
    # via locatr
playwright==1.46.0
    # via locatr
pyee==11.1.0
    # via playwright
typing-extensions==4.12.2
    # via pyee
